github.com/bits-and-blooms/bitset v1.3.1 h1:y+qrlmq3XsWi+xZqSaueaE8ry8Y127iMxlMfqcK8p0g=
github.com/bits-and-blooms/bitset v1.3.1/go.mod h1:gIdJ4wp64HaoK2YrL1Q5/N7Y16edYb8uY+O0FJTyyDA=
github.com/bits-and-blooms/bloom/v3 v3.3.1 h1:K2+A19bXT8gJR5mU7y+1yW6hsKfNCjcP2uNfLFKncjQ=
github.com/bits-and-blooms/bloom/v3 v3.3.1/go.mod h1:bhUUknWd5khVbTe4UgMCSiOOVJzr3tMoijSK3WwvW90=
github.com/btcsuite/btcd/btcec/v2 v2.2.0 h1:fzn1qaOt32TuLjFlkzYSsBC35Q3KUjT1SwPxiMSCF5k=
github.com/btcsuite/btcd/btcec/v2 v2.2.0/go.mod h1:U7MHm051Al6XmscBQ0BoNydpOTsFAn707034b5nY8zU=
github.com/btcsuite/btcd/chaincfg/chainhash v1.0.1 h1:q0rUy8C/TYNBQS1+CGKw68tLOFYSNEs0TFnxxnS9+4U=
github.com/davecgh/go-spew v1.1.1 h1:vj9j/u1bqnvCEfJOwUhtlOARqs3+rkHYY13jYWTU97c=
github.com/decred/dcrd/crypto/blake256 v1.0.0 h1:/8DMNYp9SGi5f0w7uCm6d6M4OU2rGFK09Y2A4Xv7EE0=
github.com/decred/dcrd/crypto/blake256 v1.0.0/go.mod h1:sQl2p6Y26YV+ZOcSTP6thNdn47hh8kt6rqSlvmrXFAc=
github.com/decred/dcrd/dcrec/secp256k1/v4 v4.0.1 h1:YLtO71vCjJRCBcrPMtQ9nqBsqpA1m5sE92cU+pd5Mcc=
github.com/decred/dcrd/dcrec/secp256k1/v4 v4.0.1/go.mod h1:hyedUtir6IdtD/7lIxGeCxkaw7y45JueMRL4DIyJDKs=
github.com/eth-collision/eth-collision-tool v0.0.0-20230115064008-a79ccb6275ab h1:rSBWi/f3dIpjBwlEKplkh6WJxMxtwmySXNfopiFxagY=
github.com/eth-collision/eth-collision-tool v0.0.0-20230115064008-a79ccb6275ab/go.mod h1:ayD6nlz7W8ceXKRNs0APdEq4eSUtZpCyjqxYnW8jMTE=
github.com/eth-collision/eth-collision-tool v0.0.0-20230115070154-82670693f581 h1:nNIWM9r9gfxVRAnWvBw/Au/YwguZjRZF/cHgHy6JtXw=
github.com/eth-collision/eth-collision-tool v0.0.0-20230115070154-82670693f581/go.mod h1:ayD6nlz7W8ceXKRNs0APdEq4eSUtZpCyjqxYnW8jMTE=
github.com/eth-collision/eth-collision-tool v0.0.0-20230115071654-d4e0ccac9e7e h1:FOx/LUkwVpd7G0aQRHvFpZmRyf3ITcBmMYA/LqIBe20=
github.com/eth-collision/eth-collision-tool v0.0.0-20230115071654-d4e0ccac9e7e/go.mod h1:TbtKO8mGxiKgm8CJN5ZV0B5J/DW6o79LHrWKRCrr3Yw=
github.com/eth-collision/eth-collision-tool v0.0.0-20230115071823-46803be701b2 h1:0Val8kGLUxhIG+1R9hvtelZfbdOxggKG7odlaSIZQu4=
github.com/eth-collision/eth-collision-tool v0.0.0-20230115071823-46803be701b2/go.mod h1:TbtKO8mGxiKgm8CJN5ZV0B5J/DW6o79LHrWKRCrr3Yw=
github.com/eth-collision/eth-collision-tool v0.0.0-20230115135301-a4bf9ef449e3 h1:sytqJN74Yp1TRw/XG92W0FKGDJcC1qOqEhBCECKsTnA=
github.com/eth-collision/eth-collision-tool v0.0.0-20230115135301-a4bf9ef449e3/go.mod h1:TbtKO8mGxiKgm8CJN5ZV0B5J/DW6o79LHrWKRCrr3Yw=
github.com/eth-collision/eth-collision-tool v0.0.0-20230115135440-604e2f6581d6 h1:Zs0uPt7otmyZRr3jhRqpdV39cLtD+wm3tzOC7WEcKqM=
github.com/eth-collision/eth-collision-tool v0.0.0-20230115135440-604e2f6581d6/go.mod h1:TbtKO8mGxiKgm8CJN5ZV0B5J/DW6o79LHrWKRCrr3Yw=
github.com/eth-collision/eth-collision-tool v0.0.0-20230117083530-6427df7afb4e h1:Hnr2Qz1HaRN52GLf3anKbiZt9q9ps2CUKKJ+mLanKYo=
github.com/eth-collision/eth-collision-tool v0.0.0-20230117083530-6427df7afb4e/go.mod h1:kX8yD+2wspqr7ysag2Dt4lIvEATzLiSKHsQ6Q17Is9M=
github.com/eth-collision/eth-collision-tool v0.0.0-20230117094229-2c9935966d73 h1:b+5WCrTZszcRRo3voNZ1wNkXOXx1xpRoy2efoFCrqcg=
github.com/eth-collision/eth-collision-tool v0.0.0-20230117094229-2c9935966d73/go.mod h1:kX8yD+2wspqr7ysag2Dt4lIvEATzLiSKHsQ6Q17Is9M=
github.com/eth-collision/eth-collision-tool v0.0.0-20230117100040-d3f8ef2c2642 h1:nYm7WfV78uUOTQOWpI1/ncqtMX+qFKkknDkfk24Lcxo=
github.com/eth-collision/eth-collision-tool v0.0.0-20230117100040-d3f8ef2c2642/go.mod h1:kX8yD+2wspqr7ysag2Dt4lIvEATzLiSKHsQ6Q17Is9M=
github.com/eth-collision/eth-collision-tool v0.0.0-20230123091736-3c2e0ebeda90 h1:H2sVUOLo6ulxcRcJwoJDzZ7BBVe+NVxPOrFpkjWHVos=
github.com/eth-collision/eth-collision-tool v0.0.0-20230123091736-3c2e0ebeda90/go.mod h1:kX8yD+2wspqr7ysag2Dt4lIvEATzLiSKHsQ6Q17Is9M=
github.com/ethereum/go-ethereum v1.10.26 h1:i/7d9RBBwiXCEuyduBQzJw/mKmnvzsN14jqBmytw72s=
github.com/ethereum/go-ethereum v1.10.26/go.mod h1:EYFyF19u3ezGLD4RqOkLq+ZCXzYbLoNDdZlMt7kyKFg=
github.com/glendc/go-external-ip v0.1.0 h1:iX3xQ2Q26atAmLTbd++nUce2P5ht5P4uD4V7caSY/xg=
github.com/glendc/go-external-ip v0.1.0/go.mod h1:CNx312s2FLAJoWNdJWZ2Fpf5O4oLsMFwuYviHjS4uJE=
github.com/go-telegram-bot-api/telegram-bot-api/v5 v5.5.1 h1:wG8n/XJQ07TmjbITcGiUaOtXxdrINDz1b0J1w0SzqDc=
github.com/go-telegram-bot-api/telegram-bot-api/v5 v5.5.1/go.mod h1:A2S0CWkNylc2phvKXWBBdD3K0iGnDBGbzRpISP2zBl8=
github.com/twmb/murmur3 v1.1.6/go.mod h1:Qq/R7NUyOfr65zD+6Q5IHKsJLwP7exErjN6lyyq3OSQ=
golang.org/x/crypto v0.0.0-20210921155107-089bfa567519 h1:7I4JAnoQBe7ZtJcBaYHi5UtiO8tQHbUSXxL+pnGRANg=
golang.org/x/crypto v0.0.0-20210921155107-089bfa567519/go.mod h1:GvvjBRRGRdwPK5ydBHafDWAxML/pGHZbMvKqRZ5+Abc=
golang.org/x/sys v0.0.0-20220520151302-bc2c85ada10a h1:dGzPydgVsqGcTRVwiLJ1jVbufYwmzD3LfVPLKsKg+0k=
golang.org/x/sys v0.0.0-20220520151302-bc2c85ada10a/go.mod h1:oPkhp1MJrh7nUepCBck5+mAzfO9JrbApNNgaTdGDITg=
golang.org/x/sys v0.0.0-20220722155257-8c9f86f7a55f/go.mod h1:oPkhp1MJrh7nUepCBck5+mAzfO9JrbApNNgaTdGDITg=
golang.org/x/text v0.6.0 h1:3XmdazWV+ubf7QgHSTWeykHOci5oeekaGJBLkrkaw4k=
golang.org/x/text v0.6.0/go.mod h1:mrYo+phRRbMaCq/xk9113O4dZlRixOauAjOtrjsXDZ8=
gopkg.in/check.v1 v0.0.0-20161208181325-20d25e280405 h1:yhCVgyC4o1eVCa2tZl7eS0r+SDo693bJlVdllGtEeKM=
gopkg.in/check.v1 v0.0.0-20161208181325-20d25e280405/go.mod h1:Co6ibVJAznAaIkqp8huTwlJQCZ016jof/cbN4VW5Yz0=
gopkg.in/yaml.v2 v2.4.0 h1:D8xgwECY7CYvx+Y2n4sBz93Jn9JRvxdiyyo8CTfuKaY=
gopkg.in/yaml.v2 v2.4.0/go.mod h1:RDklbk79AGWmwhnvt/jBztapEOGDOx6ZbXqjP6csGnQ=
